
Microsoft Visual Studio Solution File, Format Version 12.00
# Visual Studio Version 16
VisualStudioVersion = 16.0.30523.141
MinimumVisualStudioVersion = 10.0.40219.1
Project("{8BC9CEB8-8B4A-11D0-8D11-00A0C91BC942}") = "LB6.3R", "LB6.3R.vcxproj", "{FC96D04D-4B52-4E99-9DC6-3EF633051E14}"
EndProject
Global
	GlobalSection(SolutionConfigurationPlatforms) = preSolution
		Debug|x64 = Debug|x64
		Debug|x86 = Debug|x86
		Release|x64 = Release|x64
		Release|x86 = Release|x86
	EndGlobalSection
	GlobalSection(ProjectConfigurationPlatforms) = postSolution
		{FC96D04D-4B52-4E99-9DC6-3EF633051E14}.Debug|x64.ActiveCfg = Debug|x64
		{FC96D04D-4B52-4E99-9DC6-3EF633051E14}.Debug|x64.Build.0 = Debug|x64
		{FC96D04D-4B52-4E99-9DC6-3EF633051E14}.Debug|x86.ActiveCfg = Debug|Win32
		{FC96D04D-4B52-4E99-9DC6-3EF633051E14}.Debug|x86.Build.0 = Debug|Win32
		{FC96D04D-4B52-4E99-9DC6-3EF633051E14}.Release|x64.ActiveCfg = Release|x64
		{FC96D04D-4B52-4E99-9DC6-3EF633051E14}.Release|x64.Build.0 = Release|x64
		{FC96D04D-4B52-4E99-9DC6-3EF633051E14}.Release|x86.ActiveCfg = Release|Win32
		{FC96D04D-4B52-4E99-9DC6-3EF633051E14}.Release|x86.Build.0 = Release|Win32
	EndGlobalSection
	GlobalSection(SolutionProperties) = preSolution
		HideSolutionNode = FALSE
	EndGlobalSection
	GlobalSection(ExtensibilityGlobals) = postSolution
		SolutionGuid = {C9B159EB-430E-40F5-AD45-FDD53BCF5C21}
	EndGlobalSection
EndGlobal
